
Microsoft Visual Studio Solution File, Format Version 12.00
# Visual Studio 15
VisualStudioVersion = 15.0.28307.1622
MinimumVisualStudioVersion = 10.0.40219.1
Project("{8BC9CEB8-8B4A-11D0-8D11-00A0C91BC942}") = "PartG_Functions", "PartG_Functions.vcxproj", "{9A450A04-F0E1-47A6-A28D-3F07D79368F4}"
EndProject
Global
	GlobalSection(SolutionConfigurationPlatforms) = preSolution
		Debug|x64 = Debug|x64
		Debug|x86 = Debug|x86
		Release|x64 = Release|x64
		Release|x86 = Release|x86
	EndGlobalSection
	GlobalSection(ProjectConfigurationPlatforms) = postSolution
		{9A450A04-F0E1-47A6-A28D-3F07D79368F4}.Debug|x64.ActiveCfg = Debug|x64
		{9A450A04-F0E1-47A6-A28D-3F07D79368F4}.Debug|x64.Build.0 = Debug|x64
		{9A450A04-F0E1-47A6-A28D-3F07D79368F4}.Debug|x86.ActiveCfg = Debug|Win32
		{9A450A04-F0E1-47A6-A28D-3F07D79368F4}.Debug|x86.Build.0 = Debug|Win32
		{9A450A04-F0E1-47A6-A28D-3F07D79368F4}.Release|x64.ActiveCfg = Release|x64
		{9A450A04-F0E1-47A6-A28D-3F07D79368F4}.Release|x64.Build.0 = Release|x64
		{9A450A04-F0E1-47A6-A28D-3F07D79368F4}.Release|x86.ActiveCfg = Release|Win32
		{9A450A04-F0E1-47A6-A28D-3F07D79368F4}.Release|x86.Build.0 = Release|Win32
	EndGlobalSection
	GlobalSection(SolutionProperties) = preSolution
		HideSolutionNode = FALSE
	EndGlobalSection
	GlobalSection(ExtensibilityGlobals) = postSolution
		SolutionGuid = {03CF012B-19CF-4184-BD68-A9994C216381}
	EndGlobalSection
EndGlobal
