
Microsoft Visual Studio Solution File, Format Version 12.00
# Visual Studio 15
VisualStudioVersion = 15.0.28307.1622
MinimumVisualStudioVersion = 10.0.40219.1
Project("{8BC9CEB8-8B4A-11D0-8D11-00A0C91BC942}") = "Part_F_Iteration", "Part_F_Iteration.vcxproj", "{1C85FE74-3034-4C38-BE85-3FA86FE351D0}"
EndProject
Global
	GlobalSection(SolutionConfigurationPlatforms) = preSolution
		Debug|x64 = Debug|x64
		Debug|x86 = Debug|x86
		Release|x64 = Release|x64
		Release|x86 = Release|x86
	EndGlobalSection
	GlobalSection(ProjectConfigurationPlatforms) = postSolution
		{1C85FE74-3034-4C38-BE85-3FA86FE351D0}.Debug|x64.ActiveCfg = Debug|x64
		{1C85FE74-3034-4C38-BE85-3FA86FE351D0}.Debug|x64.Build.0 = Debug|x64
		{1C85FE74-3034-4C38-BE85-3FA86FE351D0}.Debug|x86.ActiveCfg = Debug|Win32
		{1C85FE74-3034-4C38-BE85-3FA86FE351D0}.Debug|x86.Build.0 = Debug|Win32
		{1C85FE74-3034-4C38-BE85-3FA86FE351D0}.Release|x64.ActiveCfg = Release|x64
		{1C85FE74-3034-4C38-BE85-3FA86FE351D0}.Release|x64.Build.0 = Release|x64
		{1C85FE74-3034-4C38-BE85-3FA86FE351D0}.Release|x86.ActiveCfg = Release|Win32
		{1C85FE74-3034-4C38-BE85-3FA86FE351D0}.Release|x86.Build.0 = Release|Win32
	EndGlobalSection
	GlobalSection(SolutionProperties) = preSolution
		HideSolutionNode = FALSE
	EndGlobalSection
	GlobalSection(ExtensibilityGlobals) = postSolution
		SolutionGuid = {C76B9311-C8BA-441D-B09A-3B8F6BB2703E}
	EndGlobalSection
EndGlobal
